// !$*UTF8*$!
{
	archiveVersion = 1;
	classes = {
	};
	objectVersion = 46;
	objects = {

/* Begin PBXBuildFile section */
		498F2C9F1AD7CECD00A98960 /* AppDelegate.swift in Sources */ = {isa = PBXBuildFile; fileRef = 498F2C9E1AD7CECD00A98960 /* AppDelegate.swift */; };
		498F2CA11AD7CECD00A98960 /* ViewController.swift in Sources */ = {isa = PBXBuildFile; fileRef = 498F2CA01AD7CECD00A98960 /* ViewController.swift */; };
		498F2CA41AD7CECD00A98960 /* Main.storyboard in Resources */ = {isa = PBXBuildFile; fileRef = 498F2CA21AD7CECD00A98960 /* Main.storyboard */; };
		498F2CA61AD7CECD00A98960 /* Images.xcassets in Resources */ = {isa = PBXBuildFile; fileRef = 498F2CA51AD7CECD00A98960 /* Images.xcassets */; };
		498F2CA91AD7CECD00A98960 /* LaunchScreen.xib in Resources */ = {isa = PBXBuildFile; fileRef = 498F2CA71AD7CECD00A98960 /* LaunchScreen.xib */; };
		498F2CB51AD7CECD00A98960 /* callcycleTests.swift in Sources */ = {isa = PBXBuildFile; fileRef = 498F2CB41AD7CECD00A98960 /* callcycleTests.swift */; };
		498F2CC71AD7CEDA00A98960 /* InterfaceController.swift in Sources */ = {isa = PBXBuildFile; fileRef = 498F2CC61AD7CEDA00A98960 /* InterfaceController.swift */; };
		498F2CC91AD7CEDB00A98960 /* Images.xcassets in Resources */ = {isa = PBXBuildFile; fileRef = 498F2CC81AD7CEDB00A98960 /* Images.xcassets */; };
		498F2CCD1AD7CEDB00A98960 /* callcycle WatchKit App.app in Resources */ = {isa = PBXBuildFile; fileRef = 498F2CCC1AD7CEDB00A98960 /* callcycle WatchKit App.app */; };
		498F2CD51AD7CEDB00A98960 /* Interface.storyboard in Resources */ = {isa = PBXBuildFile; fileRef = 498F2CD31AD7CEDB00A98960 /* Interface.storyboard */; };
		498F2CD71AD7CEDB00A98960 /* Images.xcassets in Resources */ = {isa = PBXBuildFile; fileRef = 498F2CD61AD7CEDB00A98960 /* Images.xcassets */; };
		498F2CDA1AD7CEDB00A98960 /* callcycle WatchKit Extension.appex in Embed App Extensions */ = {isa = PBXBuildFile; fileRef = 498F2CC21AD7CEDA00A98960 /* callcycle WatchKit Extension.appex */; settings = {ATTRIBUTES = (RemoveHeadersOnCopy, ); }; };
/* End PBXBuildFile section */

/* Begin PBXContainerItemProxy section */
		498F2CAF1AD7CECD00A98960 /* PBXContainerItemProxy */ = {
			isa = PBXContainerItemProxy;
			containerPortal = 498F2C911AD7CECD00A98960 /* Project object */;
			proxyType = 1;
			remoteGlobalIDString = 498F2C981AD7CECD00A98960;
			remoteInfo = callcycle;
		};
		498F2CCE1AD7CEDB00A98960 /* PBXContainerItemProxy */ = {
			isa = PBXContainerItemProxy;
			containerPortal = 498F2C911AD7CECD00A98960 /* Project object */;
			proxyType = 1;
			remoteGlobalIDString = 498F2CCB1AD7CEDB00A98960;
			remoteInfo = "callcycle WatchKit App";
		};
		498F2CD81AD7CEDB00A98960 /* PBXContainerItemProxy */ = {
			isa = PBXContainerItemProxy;
			containerPortal = 498F2C911AD7CECD00A98960 /* Project object */;
			proxyType = 1;
			remoteGlobalIDString = 498F2CC11AD7CEDA00A98960;
			remoteInfo = "callcycle WatchKit Extension";
		};
/* End PBXContainerItemProxy section */

/* Begin PBXCopyFilesBuildPhase section */
		498F2CE11AD7CEDB00A98960 /* Embed App Extensions */ = {
			isa = PBXCopyFilesBuildPhase;
			buildActionMask = 2147483647;
			dstPath = "";
			dstSubfolderSpec = 13;
			files = (
				498F2CDA1AD7CEDB00A98960 /* callcycle WatchKit Extension.appex in Embed App Extensions */,
			);
			name = "Embed App Extensions";
			runOnlyForDeploymentPostprocessing = 0;
		};
/* End PBXCopyFilesBuildPhase section */

/* Begin PBXFileReference section */
		498F2C991AD7CECD00A98960 /* callcycle.app */ = {isa = PBXFileReference; explicitFileType = wrapper.application; includeInIndex = 0; path = callcycle.app; sourceTree = BUILT_PRODUCTS_DIR; };
		498F2C9D1AD7CECD00A98960 /* Info.plist */ = {isa = PBXFileReference; lastKnownFileType = text.plist.xml; path = Info.plist; sourceTree = "<group>"; };
		498F2C9E1AD7CECD00A98960 /* AppDelegate.swift */ = {isa = PBXFileReference; lastKnownFileType = sourcecode.swift; path = AppDelegate.swift; sourceTree = "<group>"; };
		498F2CA01AD7CECD00A98960 /* ViewController.swift */ = {isa = PBXFileReference; lastKnownFileType = sourcecode.swift; path = ViewController.swift; sourceTree = "<group>"; };
		498F2CA31AD7CECD00A98960 /* Base */ = {isa = PBXFileReference; lastKnownFileType = file.storyboard; name = Base; path = Base.lproj/Main.storyboard; sourceTree = "<group>"; };
		498F2CA51AD7CECD00A98960 /* Images.xcassets */ = {isa = PBXFileReference; lastKnownFileType = folder.assetcatalog; path = Images.xcassets; sourceTree = "<group>"; };
		498F2CA81AD7CECD00A98960 /* Base */ = {isa = PBXFileReference; lastKnownFileType = file.xib; name = Base; path = Base.lproj/LaunchScreen.xib; sourceTree = "<group>"; };
		498F2CAE1AD7CECD00A98960 /* callcycleTests.xctest */ = {isa = PBXFileReference; explicitFileType = wrapper.cfbundle; includeInIndex = 0; path = callcycleTests.xctest; sourceTree = BUILT_PRODUCTS_DIR; };
		498F2CB31AD7CECD00A98960 /* Info.plist */ = {isa = PBXFileReference; lastKnownFileType = text.plist.xml; path = Info.plist; sourceTree = "<group>"; };
		498F2CB41AD7CECD00A98960 /* callcycleTests.swift */ = {isa = PBXFileReference; lastKnownFileType = sourcecode.swift; path = callcycleTests.swift; sourceTree = "<group>"; };
		498F2CC21AD7CEDA00A98960 /* callcycle WatchKit Extension.appex */ = {isa = PBXFileReference; explicitFileType = "wrapper.app-extension"; includeInIndex = 0; path = "callcycle WatchKit Extension.appex"; sourceTree = BUILT_PRODUCTS_DIR; };
		498F2CC51AD7CEDA00A98960 /* Info.plist */ = {isa = PBXFileReference; lastKnownFileType = text.plist.xml; path = Info.plist; sourceTree = "<group>"; };
		498F2CC61AD7CEDA00A98960 /* InterfaceController.swift */ = {isa = PBXFileReference; lastKnownFileType = sourcecode.swift; path = InterfaceController.swift; sourceTree = "<group>"; };
		498F2CC81AD7CEDB00A98960 /* Images.xcassets */ = {isa = PBXFileReference; lastKnownFileType = folder.assetcatalog; path = Images.xcassets; sourceTree = "<group>"; };
		498F2CCC1AD7CEDB00A98960 /* callcycle WatchKit App.app */ = {isa = PBXFileReference; explicitFileType = wrapper.application; includeInIndex = 0; path = "callcycle WatchKit App.app"; sourceTree = BUILT_PRODUCTS_DIR; };
		498F2CD21AD7CEDB00A98960 /* Info.plist */ = {isa = PBXFileReference; lastKnownFileType = text.plist.xml; path = Info.plist; sourceTree = "<group>"; };
		498F2CD41AD7CEDB00A98960 /* Base */ = {isa = PBXFileReference; lastKnownFileType = file.storyboard; name = Base; path = Base.lproj/Interface.storyboard; sourceTree = "<group>"; };
		498F2CD61AD7CEDB00A98960 /* Images.xcassets */ = {isa = PBXFileReference; lastKnownFileType = folder.assetcatalog; path = Images.xcassets; sourceTree = "<group>"; };
/* End PBXFileReference section */

/* Begin PBXFrameworksBuildPhase section */
		498F2C961AD7CECD00A98960 /* Frameworks */ = {
			isa = PBXFrameworksBuildPhase;
			buildActionMask = 2147483647;
			files = (
			);
			runOnlyForDeploymentPostprocessing = 0;
		};
		498F2CAB1AD7CECD00A98960 /* Frameworks */ = {
			isa = PBXFrameworksBuildPhase;
			buildActionMask = 2147483647;
			files = (
			);
			runOnlyForDeploymentPostprocessing = 0;
		};
		498F2CBF1AD7CEDA00A98960 /* Frameworks */ = {
			isa = PBXFrameworksBuildPhase;
			buildActionMask = 2147483647;
			files = (
			);
			runOnlyForDeploymentPostprocessing = 0;
		};
/* End PBXFrameworksBuildPhase section */

/* Begin PBXGroup section */
		498F2C901AD7CECD00A98960 = {
			isa = PBXGroup;
			children = (
				498F2C9B1AD7CECD00A98960 /* callcycle */,
				498F2CB11AD7CECD00A98960 /* callcycleTests */,
				498F2CC31AD7CEDA00A98960 /* callcycle WatchKit Extension */,
				498F2CD01AD7CEDB00A98960 /* callcycle WatchKit App */,
				498F2C9A1AD7CECD00A98960 /* Products */,
			);
			sourceTree = "<group>";
		};
		498F2C9A1AD7CECD00A98960 /* Products */ = {
			isa = PBXGroup;
			children = (
				498F2C991AD7CECD00A98960 /* callcycle.app */,
				498F2CAE1AD7CECD00A98960 /* callcycleTests.xctest */,
				498F2CC21AD7CEDA00A98960 /* callcycle WatchKit Extension.appex */,
				498F2CCC1AD7CEDB00A98960 /* callcycle WatchKit App.app */,
			);
			name = Products;
			sourceTree = "<group>";
		};
		498F2C9B1AD7CECD00A98960 /* callcycle */ = {
			isa = PBXGroup;
			children = (
				498F2C9E1AD7CECD00A98960 /* AppDelegate.swift */,
				498F2CA01AD7CECD00A98960 /* ViewController.swift */,
				498F2CA21AD7CECD00A98960 /* Main.storyboard */,
				498F2CA51AD7CECD00A98960 /* Images.xcassets */,
				498F2CA71AD7CECD00A98960 /* LaunchScreen.xib */,
				498F2C9C1AD7CECD00A98960 /* Supporting Files */,
			);
			path = callcycle;
			sourceTree = "<group>";
		};
		498F2C9C1AD7CECD00A98960 /* Supporting Files */ = {
			isa = PBXGroup;
			children = (
				498F2C9D1AD7CECD00A98960 /* Info.plist */,
			);
			name = "Supporting Files";
			sourceTree = "<group>";
		};
		498F2CB11AD7CECD00A98960 /* callcycleTests */ = {
			isa = PBXGroup;
			children = (
				498F2CB41AD7CECD00A98960 /* callcycleTests.swift */,
				498F2CB21AD7CECD00A98960 /* Supporting Files */,
			);
			path = callcycleTests;
			sourceTree = "<group>";
		};
		498F2CB21AD7CECD00A98960 /* Supporting Files */ = {
			isa = PBXGroup;
			children = (
				498F2CB31AD7CECD00A98960 /* Info.plist */,
			);
			name = "Supporting Files";
			sourceTree = "<group>";
		};
		498F2CC31AD7CEDA00A98960 /* callcycle WatchKit Extension */ = {
			isa = PBXGroup;
			children = (
				498F2CC61AD7CEDA00A98960 /* InterfaceController.swift */,
				498F2CC81AD7CEDB00A98960 /* Images.xcassets */,
				498F2CC41AD7CEDA00A98960 /* Supporting Files */,
			);
			path = "callcycle WatchKit Extension";
			sourceTree = "<group>";
		};
		498F2CC41AD7CEDA00A98960 /* Supporting Files */ = {
			isa = PBXGroup;
			children = (
				498F2CC51AD7CEDA00A98960 /* Info.plist */,
			);
			name = "Supporting Files";
			sourceTree = "<group>";
		};
		498F2CD01AD7CEDB00A98960 /* callcycle WatchKit App */ = {
			isa = PBXGroup;
			children = (
				498F2CD31AD7CEDB00A98960 /* Interface.storyboard */,
				498F2CD61AD7CEDB00A98960 /* Images.xcassets */,
				498F2CD11AD7CEDB00A98960 /* Supporting Files */,
			);
			path = "callcycle WatchKit App";
			sourceTree = "<group>";
		};
		498F2CD11AD7CEDB00A98960 /* Supporting Files */ = {
			isa = PBXGroup;
			children = (
				498F2CD21AD7CEDB00A98960 /* Info.plist */,
			);
			name = "Supporting Files";
			sourceTree = "<group>";
		};
/* End PBXGroup section */

/* Begin PBXNativeTarget section */
		498F2C981AD7CECD00A98960 /* callcycle */ = {
			isa = PBXNativeTarget;
			buildConfigurationList = 498F2CB81AD7CECD00A98960 /* Build configuration list for PBXNativeTarget "callcycle" */;
			buildPhases = (
				498F2C951AD7CECD00A98960 /* Sources */,
				498F2C961AD7CECD00A98960 /* Frameworks */,
				498F2C971AD7CECD00A98960 /* Resources */,
				498F2CE11AD7CEDB00A98960 /* Embed App Extensions */,
			);
			buildRules = (
			);
			dependencies = (
				498F2CD91AD7CEDB00A98960 /* PBXTargetDependency */,
			);
			name = callcycle;
			productName = callcycle;
			productReference = 498F2C991AD7CECD00A98960 /* callcycle.app */;
			productType = "com.apple.product-type.application";
		};
		498F2CAD1AD7CECD00A98960 /* callcycleTests */ = {
			isa = PBXNativeTarget;
			buildConfigurationList = 498F2CBB1AD7CECD00A98960 /* Build configuration list for PBXNativeTarget "callcycleTests" */;
			buildPhases = (
				498F2CAA1AD7CECD00A98960 /* Sources */,
				498F2CAB1AD7CECD00A98960 /* Frameworks */,
				498F2CAC1AD7CECD00A98960 /* Resources */,
			);
			buildRules = (
			);
			dependencies = (
				498F2CB01AD7CECD00A98960 /* PBXTargetDependency */,
			);
			name = callcycleTests;
			productName = callcycleTests;
			productReference = 498F2CAE1AD7CECD00A98960 /* callcycleTests.xctest */;
			productType = "com.apple.product-type.bundle.unit-test";
		};
		498F2CC11AD7CEDA00A98960 /* callcycle WatchKit Extension */ = {
			isa = PBXNativeTarget;
			buildConfigurationList = 498F2CDE1AD7CEDB00A98960 /* Build configuration list for PBXNativeTarget "callcycle WatchKit Extension" */;
			buildPhases = (
				498F2CBE1AD7CEDA00A98960 /* Sources */,
				498F2CBF1AD7CEDA00A98960 /* Frameworks */,
				498F2CC01AD7CEDA00A98960 /* Resources */,
			);
			buildRules = (
			);
			dependencies = (
				498F2CCF1AD7CEDB00A98960 /* PBXTargetDependency */,
			);
			name = "callcycle WatchKit Extension";
			productName = "callcycle WatchKit Extension";
			productReference = 498F2CC21AD7CEDA00A98960 /* callcycle WatchKit Extension.appex */;
			productType = "com.apple.product-type.watchkit-extension";
		};
		498F2CCB1AD7CEDB00A98960 /* callcycle WatchKit App */ = {
			isa = PBXNativeTarget;
			buildConfigurationList = 498F2CDB1AD7CEDB00A98960 /* Build configuration list for PBXNativeTarget "callcycle WatchKit App" */;
			buildPhases = (
				498F2CCA1AD7CEDB00A98960 /* Resources */,
			);
			buildRules = (
			);
			dependencies = (
			);
			name = "callcycle WatchKit App";
			productName = "callcycle WatchKit App";
			productReference = 498F2CCC1AD7CEDB00A98960 /* callcycle WatchKit App.app */;
			productType = "com.apple.product-type.application.watchapp";
		};
/* End PBXNativeTarget section */

/* Begin PBXProject section */
		498F2C911AD7CECD00A98960 /* Project object */ = {
			isa = PBXProject;
			attributes = {
				LastUpgradeCheck = 0620;
				ORGANIZATIONNAME = "Boy Genius";
				TargetAttributes = {
					498F2C981AD7CECD00A98960 = {
						CreatedOnToolsVersion = 6.2;
					};
					498F2CAD1AD7CECD00A98960 = {
						CreatedOnToolsVersion = 6.2;
						TestTargetID = 498F2C981AD7CECD00A98960;
					};
					498F2CC11AD7CEDA00A98960 = {
						CreatedOnToolsVersion = 6.2;
					};
					498F2CCB1AD7CEDB00A98960 = {
						CreatedOnToolsVersion = 6.2;
					};
				};
			};
			buildConfigurationList = 498F2C941AD7CECD00A98960 /* Build configuration list for PBXProject "callcycle" */;
			compatibilityVersion = "Xcode 3.2";
			developmentRegion = English;
			hasScannedForEncodings = 0;
			knownRegions = (
				en,
				Base,
			);
			mainGroup = 498F2C901AD7CECD00A98960;
			productRefGroup = 498F2C9A1AD7CECD00A98960 /* Products */;
			projectDirPath = "";
			projectRoot = "";
			targets = (
				498F2C981AD7CECD00A98960 /* callcycle */,
				498F2CAD1AD7CECD00A98960 /* callcycleTests */,
				498F2CC11AD7CEDA00A98960 /* callcycle WatchKit Extension */,
				498F2CCB1AD7CEDB00A98960 /* callcycle WatchKit App */,
			);
		};
/* End PBXProject section */

/* Begin PBXResourcesBuildPhase section */
		498F2C971AD7CECD00A98960 /* Resources */ = {
			isa = PBXResourcesBuildPhase;
			buildActionMask = 2147483647;
			files = (
				498F2CA41AD7CECD00A98960 /* Main.storyboard in Resources */,
				498F2CA91AD7CECD00A98960 /* LaunchScreen.xib in Resources */,
				498F2CA61AD7CECD00A98960 /* Images.xcassets in Resources */,
			);
			runOnlyForDeploymentPostprocessing = 0;
		};
		498F2CAC1AD7CECD00A98960 /* Resources */ = {
			isa = PBXResourcesBuildPhase;
			buildActionMask = 2147483647;
			files = (
			);
			runOnlyForDeploymentPostprocessing = 0;
		};
		498F2CC01AD7CEDA00A98960 /* Resources */ = {
			isa = PBXResourcesBuildPhase;
			buildActionMask = 2147483647;
			files = (
				498F2CC91AD7CEDB00A98960 /* Images.xcassets in Resources */,
				498F2CCD1AD7CEDB00A98960 /* callcycle WatchKit App.app in Resources */,
			);
			runOnlyForDeploymentPostprocessing = 0;
		};
		498F2CCA1AD7CEDB00A98960 /* Resources */ = {
			isa = PBXResourcesBuildPhase;
			buildActionMask = 2147483647;
			files = (
				498F2CD51AD7CEDB00A98960 /* Interface.storyboard in Resources */,
				498F2CD71AD7CEDB00A98960 /* Images.xcassets in Resources */,
			);
			runOnlyForDeploymentPostprocessing = 0;
		};
/* End PBXResourcesBuildPhase section */

/* Begin PBXSourcesBuildPhase section */
		498F2C951AD7CECD00A98960 /* Sources */ = {
			isa = PBXSourcesBuildPhase;
			buildActionMask = 2147483647;
			files = (
				498F2CA11AD7CECD00A98960 /* ViewController.swift in Sources */,
				498F2C9F1AD7CECD00A98960 /* AppDelegate.swift in Sources */,
			);
			runOnlyForDeploymentPostprocessing = 0;
		};
		498F2CAA1AD7CECD00A98960 /* Sources */ = {
			isa = PBXSourcesBuildPhase;
			buildActionMask = 2147483647;
			files = (
				498F2CB51AD7CECD00A98960 /* callcycleTests.swift in Sources */,
			);
			runOnlyForDeploymentPostprocessing = 0;
		};
		498F2CBE1AD7CEDA00A98960 /* Sources */ = {
			isa = PBXSourcesBuildPhase;
			buildActionMask = 2147483647;
			files = (
				498F2CC71AD7CEDA00A98960 /* InterfaceController.swift in Sources */,
			);
			runOnlyForDeploymentPostprocessing = 0;
		};
/* End PBXSourcesBuildPhase section */

/* Begin PBXTargetDependency section */
		498F2CB01AD7CECD00A98960 /* PBXTargetDependency */ = {
			isa = PBXTargetDependency;
			target = 498F2C981AD7CECD00A98960 /* callcycle */;
			targetProxy = 498F2CAF1AD7CECD00A98960 /* PBXContainerItemProxy */;
		};
		498F2CCF1AD7CEDB00A98960 /* PBXTargetDependency */ = {
			isa = PBXTargetDependency;
			target = 498F2CCB1AD7CEDB00A98960 /* callcycle WatchKit App */;
			targetProxy = 498F2CCE1AD7CEDB00A98960 /* PBXContainerItemProxy */;
		};
		498F2CD91AD7CEDB00A98960 /* PBXTargetDependency */ = {
			isa = PBXTargetDependency;
			target = 498F2CC11AD7CEDA00A98960 /* callcycle WatchKit Extension */;
			targetProxy = 498F2CD81AD7CEDB00A98960 /* PBXContainerItemProxy */;
		};
/* End PBXTargetDependency section */

/* Begin PBXVariantGroup section */
		498F2CA21AD7CECD00A98960 /* Main.storyboard */ = {
			isa = PBXVariantGroup;
			children = (
				498F2CA31AD7CECD00A98960 /* Base */,
			);
			name = Main.storyboard;
			sourceTree = "<group>";
		};
		498F2CA71AD7CECD00A98960 /* LaunchScreen.xib */ = {
			isa = PBXVariantGroup;
			children = (
				498F2CA81AD7CECD00A98960 /* Base */,
			);
			name = LaunchScreen.xib;
			sourceTree = "<group>";
		};
		498F2CD31AD7CEDB00A98960 /* Interface.storyboard */ = {
			isa = PBXVariantGroup;
			children = (
				498F2CD41AD7CEDB00A98960 /* Base */,
			);
			name = Interface.storyboard;
			sourceTree = "<group>";
		};
/* End PBXVariantGroup section */

/* Begin XCBuildConfiguration section */
		498F2CB61AD7CECD00A98960 /* Debug */ = {
			isa = XCBuildConfiguration;
			buildSettings = {
				ALWAYS_SEARCH_USER_PATHS = NO;
				CLANG_CXX_LANGUAGE_STANDARD = "gnu++0x";
				CLANG_CXX_LIBRARY = "libc++";
				CLANG_ENABLE_MODULES = YES;
				CLANG_ENABLE_OBJC_ARC = YES;
				CLANG_WARN_BOOL_CONVERSION = YES;
				CLANG_WARN_CONSTANT_CONVERSION = YES;
				CLANG_WARN_DIRECT_OBJC_ISA_USAGE = YES_ERROR;
				CLANG_WARN_EMPTY_BODY = YES;
				CLANG_WARN_ENUM_CONVERSION = YES;
				CLANG_WARN_INT_CONVERSION = YES;
				CLANG_WARN_OBJC_ROOT_CLASS = YES_ERROR;
				CLANG_WARN_UNREACHABLE_CODE = YES;
				CLANG_WARN__DUPLICATE_METHOD_MATCH = YES;
				"CODE_SIGN_IDENTITY[sdk=iphoneos*]" = "iPhone Developer";
				COPY_PHASE_STRIP = NO;
				ENABLE_STRICT_OBJC_MSGSEND = YES;
				GCC_C_LANGUAGE_STANDARD = gnu99;
				GCC_DYNAMIC_NO_PIC = NO;
				GCC_OPTIMIZATION_LEVEL = 0;
				GCC_PREPROCESSOR_DEFINITIONS = (
					"DEBUG=1",
					"$(inherited)",
				);
				GCC_SYMBOLS_PRIVATE_EXTERN = NO;
				GCC_WARN_64_TO_32_BIT_CONVERSION = YES;
				GCC_WARN_ABOUT_RETURN_TYPE = YES_ERROR;
				GCC_WARN_UNDECLARED_SELECTOR = YES;
				GCC_WARN_UNINITIALIZED_AUTOS = YES_AGGRESSIVE;
				GCC_WARN_UNUSED_FUNCTION = YES;
				GCC_WARN_UNUSED_VARIABLE = YES;
				IPHONEOS_DEPLOYMENT_TARGET = 8.2;
				MTL_ENABLE_DEBUG_INFO = YES;
				ONLY_ACTIVE_ARCH = YES;
				SDKROOT = iphoneos;
				SWIFT_OPTIMIZATION_LEVEL = "-Onone";
				TARGETED_DEVICE_FAMILY = "1,2";
			};
			name = Debug;
		};
		498F2CB71AD7CECD00A98960 /* Release */ = {
			isa = XCBuildConfiguration;
			buildSettings = {
				ALWAYS_SEARCH_USER_PATHS = NO;
				CLANG_CXX_LANGUAGE_STANDARD = "gnu++0x";
				CLANG_CXX_LIBRARY = "libc++";
				CLANG_ENABLE_MODULES = YES;
				CLANG_ENABLE_OBJC_ARC = YES;
				CLANG_WARN_BOOL_CONVERSION = YES;
				CLANG_WARN_CONSTANT_CONVERSION = YES;
				CLANG_WARN_DIRECT_OBJC_ISA_USAGE = YES_ERROR;
				CLANG_WARN_EMPTY_BODY = YES;
				CLANG_WARN_ENUM_CONVERSION = YES;
				CLANG_WARN_INT_CONVERSION = YES;
				CLANG_WARN_OBJC_ROOT_CLASS = YES_ERROR;
				CLANG_WARN_UNREACHABLE_CODE = YES;
				CLANG_WARN__DUPLICATE_METHOD_MATCH = YES;
				"CODE_SIGN_IDENTITY[sdk=iphoneos*]" = "iPhone Developer";
				COPY_PHASE_STRIP = NO;
				ENABLE_NS_ASSERTIONS = NO;
				ENABLE_STRICT_OBJC_MSGSEND = YES;
				GCC_C_LANGUAGE_STANDARD = gnu99;
				GCC_WARN_64_TO_32_BIT_CONVERSION = YES;
				GCC_WARN_ABOUT_RETURN_TYPE = YES_ERROR;
				GCC_WARN_UNDECLARED_SELECTOR = YES;
				GCC_WARN_UNINITIALIZED_AUTOS = YES_AGGRESSIVE;
				GCC_WARN_UNUSED_FUNCTION = YES;
				GCC_WARN_UNUSED_VARIABLE = YES;
				IPHONEOS_DEPLOYMENT_TARGET = 8.2;
				MTL_ENABLE_DEBUG_INFO = NO;
				SDKROOT = iphoneos;
				TARGETED_DEVICE_FAMILY = "1,2";
				VALIDATE_PRODUCT = YES;
			};
			name = Release;
		};
		498F2CB91AD7CECD00A98960 /* Debug */ = {
			isa = XCBuildConfiguration;
			buildSettings = {
				ASSETCATALOG_COMPILER_APPICON_NAME = AppIcon;
				EMBEDDED_CONTENT_CONTAINS_SWIFT = YES;
				INFOPLIST_FILE = callcycle/Info.plist;
				LD_RUNPATH_SEARCH_PATHS = "$(inherited) @executable_path/Frameworks";
				PRODUCT_NAME = "$(TARGET_NAME)";
			};
			name = Debug;
		};
		498F2CBA1AD7CECD00A98960 /* Release */ = {
			isa = XCBuildConfiguration;
			buildSettings = {
				ASSETCATALOG_COMPILER_APPICON_NAME = AppIcon;
				EMBEDDED_CONTENT_CONTAINS_SWIFT = YES;
				INFOPLIST_FILE = callcycle/Info.plist;
				LD_RUNPATH_SEARCH_PATHS = "$(inherited) @executable_path/Frameworks";
				PRODUCT_NAME = "$(TARGET_NAME)";
			};
			name = Release;
		};
		498F2CBC1AD7CECE00A98960 /* Debug */ = {
			isa = XCBuildConfiguration;
			buildSettings = {
				BUNDLE_LOADER = "$(TEST_HOST)";
				FRAMEWORK_SEARCH_PATHS = (
					"$(SDKROOT)/Developer/Library/Frameworks",
					"$(inherited)",
				);
				GCC_PREPROCESSOR_DEFINITIONS = (
					"DEBUG=1",
					"$(inherited)",
				);
				INFOPLIST_FILE = callcycleTests/Info.plist;
				LD_RUNPATH_SEARCH_PATHS = "$(inherited) @executable_path/Frameworks @loader_path/Frameworks";
				PRODUCT_NAME = "$(TARGET_NAME)";
				TEST_HOST = "$(BUILT_PRODUCTS_DIR)/callcycle.app/callcycle";
			};
			name = Debug;
		};
		498F2CBD1AD7CECE00A98960 /* Release */ = {
			isa = XCBuildConfiguration;
			buildSettings = {
				BUNDLE_LOADER = "$(TEST_HOST)";
				FRAMEWORK_SEARCH_PATHS = (
					"$(SDKROOT)/Developer/Library/Frameworks",
					"$(inherited)",
				);
				INFOPLIST_FILE = callcycleTests/Info.plist;
				LD_RUNPATH_SEARCH_PATHS = "$(inherited) @executable_path/Frameworks @loader_path/Frameworks";
				PRODUCT_NAME = "$(TARGET_NAME)";
				TEST_HOST = "$(BUILT_PRODUCTS_DIR)/callcycle.app/callcycle";
			};
			name = Release;
		};
		498F2CDC1AD7CEDB00A98960 /* Debug */ = {
			isa = XCBuildConfiguration;
			buildSettings = {
				ASSETCATALOG_COMPILER_APPICON_NAME = AppIcon;
				GCC_PREPROCESSOR_DEFINITIONS = (
					"DEBUG=1",
					"$(inherited)",
				);
				IBSC_MODULE = callcycle_WatchKit_Extension;
				INFOPLIST_FILE = "callcycle WatchKit App/Info.plist";
				PRODUCT_NAME = "$(TARGET_NAME)";
				SKIP_INSTALL = YES;
				TARGETED_DEVICE_FAMILY = 4;
				"TARGETED_DEVICE_FAMILY[sdk=iphonesimulator*]" = "1,4";
			};
			name = Debug;
		};
		498F2CDD1AD7CEDB00A98960 /* Release */ = {
			isa = XCBuildConfiguration;
			buildSettings = {
				ASSETCATALOG_COMPILER_APPICON_NAME = AppIcon;
				IBSC_MODULE = callcycle_WatchKit_Extension;
				INFOPLIST_FILE = "callcycle WatchKit App/Info.plist";
				PRODUCT_NAME = "$(TARGET_NAME)";
				SKIP_INSTALL = YES;
				TARGETED_DEVICE_FAMILY = 4;
				"TARGETED_DEVICE_FAMILY[sdk=iphonesimulator*]" = "1,4";
			};
			name = Release;
		};
		498F2CDF1AD7CEDB00A98960 /* Debug */ = {
			isa = XCBuildConfiguration;
			buildSettings = {
				GCC_PREPROCESSOR_DEFINITIONS = (
					"DEBUG=1",
					"$(inherited)",
				);
				INFOPLIST_FILE = "callcycle WatchKit Extension/Info.plist";
				LD_RUNPATH_SEARCH_PATHS = "$(inherited) @executable_path/Frameworks @executable_path/../../Frameworks";
				PRODUCT_NAME = "${TARGET_NAME}";
				SKIP_INSTALL = YES;
			};
			name = Debug;
		};
		498F2CE01AD7CEDB00A98960 /* Release */ = {
			isa = XCBuildConfiguration;
			buildSettings = {
				INFOPLIST_FILE = "callcycle WatchKit Extension/Info.plist";
				LD_RUNPATH_SEARCH_PATHS = "$(inherited) @executable_path/Frameworks @executable_path/../../Frameworks";
				PRODUCT_NAME = "${TARGET_NAME}";
				SKIP_INSTALL = YES;
			};
			name = Release;
		};
/* End XCBuildConfiguration section */

/* Begin XCConfigurationList section */
		498F2C941AD7CECD00A98960 /* Build configuration list for PBXProject "callcycle" */ = {
			isa = XCConfigurationList;
			buildConfigurations = (
				498F2CB61AD7CECD00A98960 /* Debug */,
				498F2CB71AD7CECD00A98960 /* Release */,
			);
			defaultConfigurationIsVisible = 0;
			defaultConfigurationName = Release;
		};
		498F2CB81AD7CECD00A98960 /* Build configuration list for PBXNativeTarget "callcycle" */ = {
			isa = XCConfigurationList;
			buildConfigurations = (
				498F2CB91AD7CECD00A98960 /* Debug */,
				498F2CBA1AD7CECD00A98960 /* Release */,
			);
			defaultConfigurationIsVisible = 0;
		};
		498F2CBB1AD7CECD00A98960 /* Build configuration list for PBXNativeTarget "callcycleTests" */ = {
			isa = XCConfigurationList;
			buildConfigurations = (
				498F2CBC1AD7CECE00A98960 /* Debug */,
				498F2CBD1AD7CECE00A98960 /* Release */,
			);
			defaultConfigurationIsVisible = 0;
		};
		498F2CDB1AD7CEDB00A98960 /* Build configuration list for PBXNativeTarget "callcycle WatchKit App" */ = {
			isa = XCConfigurationList;
			buildConfigurations = (
				498F2CDC1AD7CEDB00A98960 /* Debug */,
				498F2CDD1AD7CEDB00A98960 /* Release */,
			);
			defaultConfigurationIsVisible = 0;
		};
		498F2CDE1AD7CEDB00A98960 /* Build configuration list for PBXNativeTarget "callcycle WatchKit Extension" */ = {
			isa = XCConfigurationList;
			buildConfigurations = (
				498F2CDF1AD7CEDB00A98960 /* Debug */,
				498F2CE01AD7CEDB00A98960 /* Release */,
			);
			defaultConfigurationIsVisible = 0;
		};
/* End XCConfigurationList section */
	};
	rootObject = 498F2C911AD7CECD00A98960 /* Project object */;
}
